<?xml version="1.0" encoding="utf-8"?>
<Project ToolsVersion="4.0" xmlns="http://schemas.microsoft.com/developer/msbuild/2003">
  <ItemGroup>
    <Filter Include="Header Files">
      <UniqueIdentifier>{32f85ee9-90ed-4297-8571-0eb38e0225d4}</UniqueIdentifier>
      <Extensions>h;hpp;hxx;hm;inl;inc;xsd</Extensions>
    </Filter>
    <Filter Include="Source Files">
      <UniqueIdentifier>{b98528c1-0cce-46c2-9d65-55492ef65a5f}</UniqueIdentifier>
      <Extensions>cpp;c;cc;cxx;def;odl;idl;hpj;bat;asm;asmx</Extensions>
    </Filter>
  </ItemGroup>
  <ItemGroup>
    <ClInclude Include="..\src\google\protobuf\compiler\mock_code_generator.h">
      <Filter>Header Files</Filter>
    </ClInclude>
    <ClInclude Include="..\src\google\protobuf\testing\file.h">
      <Filter>Header Files</Filter>
    </ClInclude>
  </ItemGroup>
  <ItemGroup>
    <ClCompile Include="..\src\google\protobuf\compiler\test_plugin.cc">
      <Filter>Source Files</Filter>
    </ClCompile>
    <ClCompile Include="..\src\google\protobuf\compiler\mock_code_generator.cc">
      <Filter>Source Files</Filter>
    </ClCompile>
    <ClCompile Include="..\src\google\protobuf\testing\file.cc">
      <Filter>Source Files</Filter>
    </ClCompile>
  </ItemGroup>
</Project>